
Microsoft Visual Studio Solution File, Format Version 12.00
# Visual Studio 15
VisualStudioVersion = 15.0.27428.2027
MinimumVisualStudioVersion = 10.0.40219.1
Project("{F2A71F9B-5D33-465A-A702-920D77279786}") = "FunctionalProgrammingInFSharp", "FunctionalProgrammingInFSharp\FunctionalProgrammingInFSharp.fsproj", "{9FE3F46E-3C8E-4EF1-AB9F-4989CCA2650B}"
EndProject
Project("{FAE04EC0-301F-11D3-BF4B-00C04F79EFBC}") = "CSharpCode", "CSharpCode\CSharpCode.csproj", "{00CE3511-BD57-4671-9442-BF619BA38679}"
EndProject
Global
	GlobalSection(SolutionConfigurationPlatforms) = preSolution
		Debug|Any CPU = Debug|Any CPU
		Release|Any CPU = Release|Any CPU
	EndGlobalSection
	GlobalSection(ProjectConfigurationPlatforms) = postSolution
		{9FE3F46E-3C8E-4EF1-AB9F-4989CCA2650B}.Debug|Any CPU.ActiveCfg = Debug|Any CPU
		{9FE3F46E-3C8E-4EF1-AB9F-4989CCA2650B}.Debug|Any CPU.Build.0 = Debug|Any CPU
		{9FE3F46E-3C8E-4EF1-AB9F-4989CCA2650B}.Release|Any CPU.ActiveCfg = Release|Any CPU
		{9FE3F46E-3C8E-4EF1-AB9F-4989CCA2650B}.Release|Any CPU.Build.0 = Release|Any CPU
		{00CE3511-BD57-4671-9442-BF619BA38679}.Debug|Any CPU.ActiveCfg = Debug|Any CPU
		{00CE3511-BD57-4671-9442-BF619BA38679}.Debug|Any CPU.Build.0 = Debug|Any CPU
		{00CE3511-BD57-4671-9442-BF619BA38679}.Release|Any CPU.ActiveCfg = Release|Any CPU
		{00CE3511-BD57-4671-9442-BF619BA38679}.Release|Any CPU.Build.0 = Release|Any CPU
	EndGlobalSection
	GlobalSection(SolutionProperties) = preSolution
		HideSolutionNode = FALSE
	EndGlobalSection
	GlobalSection(ExtensibilityGlobals) = postSolution
		SolutionGuid = {E2B5413F-DB43-46C9-B66E-766F86FD2BE4}
	EndGlobalSection
EndGlobal
